
Microsoft Visual Studio Solution File, Format Version 12.00
Project("{FAE04EC0-301F-11D3-BF4B-00C04F79EFBC}") = "Day1", "Day1\Day1.csproj", "{F66B3A51-EA3E-4216-9E36-9DD638970C09}"
EndProject
Project("{FAE04EC0-301F-11D3-BF4B-00C04F79EFBC}") = "Day2", "Day2\Day2.csproj", "{F8028483-1830-438B-ABF4-EB7758AE743E}"
EndProject
Project("{FAE04EC0-301F-11D3-BF4B-00C04F79EFBC}") = "Day3", "Day3\Day3.csproj", "{D185EFAB-B64F-4DA8-AB7E-C8734287201C}"
EndProject
Project("{FAE04EC0-301F-11D3-BF4B-00C04F79EFBC}") = "Helpers", "Helpers\Helpers.csproj", "{75EF6549-5B9F-4792-9BFE-F338E595B0C7}"
EndProject
Project("{FAE04EC0-301F-11D3-BF4B-00C04F79EFBC}") = "Day4", "Day4\Day4.csproj", "{29D60DC6-5F8B-4949-BB23-58A4E4F4E389}"
EndProject
Project("{FAE04EC0-301F-11D3-BF4B-00C04F79EFBC}") = "Day5", "Day5\Day5.csproj", "{2DE65756-31F6-47E3-B183-C7A3E538B5B2}"
EndProject
Global
	GlobalSection(SolutionConfigurationPlatforms) = preSolution
		Debug|Any CPU = Debug|Any CPU
		Release|Any CPU = Release|Any CPU
	EndGlobalSection
	GlobalSection(ProjectConfigurationPlatforms) = postSolution
		{F66B3A51-EA3E-4216-9E36-9DD638970C09}.Debug|Any CPU.ActiveCfg = Debug|Any CPU
		{F66B3A51-EA3E-4216-9E36-9DD638970C09}.Debug|Any CPU.Build.0 = Debug|Any CPU
		{F66B3A51-EA3E-4216-9E36-9DD638970C09}.Release|Any CPU.ActiveCfg = Release|Any CPU
		{F66B3A51-EA3E-4216-9E36-9DD638970C09}.Release|Any CPU.Build.0 = Release|Any CPU
		{F8028483-1830-438B-ABF4-EB7758AE743E}.Debug|Any CPU.ActiveCfg = Debug|Any CPU
		{F8028483-1830-438B-ABF4-EB7758AE743E}.Debug|Any CPU.Build.0 = Debug|Any CPU
		{F8028483-1830-438B-ABF4-EB7758AE743E}.Release|Any CPU.ActiveCfg = Release|Any CPU
		{F8028483-1830-438B-ABF4-EB7758AE743E}.Release|Any CPU.Build.0 = Release|Any CPU
		{D185EFAB-B64F-4DA8-AB7E-C8734287201C}.Debug|Any CPU.ActiveCfg = Debug|Any CPU
		{D185EFAB-B64F-4DA8-AB7E-C8734287201C}.Debug|Any CPU.Build.0 = Debug|Any CPU
		{D185EFAB-B64F-4DA8-AB7E-C8734287201C}.Release|Any CPU.ActiveCfg = Release|Any CPU
		{D185EFAB-B64F-4DA8-AB7E-C8734287201C}.Release|Any CPU.Build.0 = Release|Any CPU
		{75EF6549-5B9F-4792-9BFE-F338E595B0C7}.Debug|Any CPU.ActiveCfg = Debug|Any CPU
		{75EF6549-5B9F-4792-9BFE-F338E595B0C7}.Debug|Any CPU.Build.0 = Debug|Any CPU
		{75EF6549-5B9F-4792-9BFE-F338E595B0C7}.Release|Any CPU.ActiveCfg = Release|Any CPU
		{75EF6549-5B9F-4792-9BFE-F338E595B0C7}.Release|Any CPU.Build.0 = Release|Any CPU
		{29D60DC6-5F8B-4949-BB23-58A4E4F4E389}.Debug|Any CPU.ActiveCfg = Debug|Any CPU
		{29D60DC6-5F8B-4949-BB23-58A4E4F4E389}.Debug|Any CPU.Build.0 = Debug|Any CPU
		{29D60DC6-5F8B-4949-BB23-58A4E4F4E389}.Release|Any CPU.ActiveCfg = Release|Any CPU
		{29D60DC6-5F8B-4949-BB23-58A4E4F4E389}.Release|Any CPU.Build.0 = Release|Any CPU
		{2DE65756-31F6-47E3-B183-C7A3E538B5B2}.Debug|Any CPU.ActiveCfg = Debug|Any CPU
		{2DE65756-31F6-47E3-B183-C7A3E538B5B2}.Debug|Any CPU.Build.0 = Debug|Any CPU
		{2DE65756-31F6-47E3-B183-C7A3E538B5B2}.Release|Any CPU.ActiveCfg = Release|Any CPU
		{2DE65756-31F6-47E3-B183-C7A3E538B5B2}.Release|Any CPU.Build.0 = Release|Any CPU
	EndGlobalSection
EndGlobal
